{
  "version": 4,
  "terraform_version": "1.5.7",
  "serial": 10,
  "lineage": "750e3702-43d8-c345-8783-79f79a6dfb5e",
  "outputs": {},
  "resources": [
    {
      "mode": "managed",
      "type": "google_compute_backend_service",
      "name": "webserver",
      "provider": "provider[\"registry.terraform.io/hashicorp/google\"]",
      "instances": [
        {
          "schema_version": 1,
          "attributes": {
            "affinity_cookie_ttl_sec": 0,
            "backend": [
              {
                "balancing_mode": "UTILIZATION",
                "capacity_scaler": 1,
                "description": "",
                "group": "https://www.googleapis.com/compute/v1/projects/qwiklabs-gcp-00-bf0ba7f2f474/zones/europe-west1-c/instanceGroups/nucleus-webserver",
                "max_connections": 0,
                "max_connections_per_endpoint": 0,
                "max_connections_per_instance": 0,
                "max_rate": 0,
                "max_rate_per_endpoint": 0,
                "max_rate_per_instance": 0,
                "max_utilization": 0
              }
            ],
            "cdn_policy": [],
            "circuit_breakers": [],
            "compression_mode": "",
            "connection_draining_timeout_sec": 300,
            "consistent_hash": [],
            "creation_timestamp": "2024-05-14T13:31:32.343-07:00",
            "custom_request_headers": null,
            "custom_response_headers": null,
            "description": "",
            "edge_security_policy": "",
            "enable_cdn": false,
            "fingerprint": "mEOdySvcT8s=",
            "generated_id": 8498426730563663051,
            "health_checks": [
              "projects/qwiklabs-gcp-00-bf0ba7f2f474/global/healthChecks/nucleus-webserver"
            ],
            "iap": [],
            "id": "projects/qwiklabs-gcp-00-bf0ba7f2f474/global/backendServices/nucleus-webserver",
            "load_balancing_scheme": "EXTERNAL_MANAGED",
            "locality_lb_policies": [],
            "locality_lb_policy": "",
            "log_config": [],
            "name": "nucleus-webserver",
            "outlier_detection": [],
            "port_name": "http",
            "project": "qwiklabs-gcp-00-bf0ba7f2f474",
            "protocol": "HTTP",
            "security_policy": "",
            "security_settings": [],
            "self_link": "https://www.googleapis.com/compute/v1/projects/qwiklabs-gcp-00-bf0ba7f2f474/global/backendServices/nucleus-webserver",
            "session_affinity": "NONE",
            "timeout_sec": 30,
            "timeouts": null
          },
          "sensitive_attributes": [],
          "private": "eyJlMmJmYjczMC1lY2FhLTExZTYtOGY4OC0zNDM2M2JjN2M0YzAiOnsiY3JlYXRlIjoxMjAwMDAwMDAwMDAwLCJkZWxldGUiOjEyMDAwMDAwMDAwMDAsInVwZGF0ZSI6MTIwMDAwMDAwMDAwMH0sInNjaGVtYV92ZXJzaW9uIjoiMSJ9",
          "dependencies": [
            "google_compute_health_check.webserver",
            "google_compute_instance_group_manager.webserver",
            "google_compute_instance_template.webserver"
          ]
        }
      ]
    },
    {
      "mode": "managed",
      "type": "google_compute_firewall",
      "name": "http",
      "provider": "provider[\"registry.terraform.io/hashicorp/google\"]",
      "instances": [
        {
          "schema_version": 1,
          "attributes": {
            "allow": [
              {
                "ports": [
                  "80"
                ],
                "protocol": "tcp"
              }
            ],
            "creation_timestamp": "2024-05-14T13:30:35.252-07:00",
            "deny": [],
            "description": "",
            "destination_ranges": [],
            "direction": "INGRESS",
            "disabled": false,
            "enable_logging": null,
            "id": "projects/qwiklabs-gcp-00-bf0ba7f2f474/global/firewalls/permit-tcp-rule-151",
            "log_config": [],
            "name": "permit-tcp-rule-151",
            "network": "https://www.googleapis.com/compute/v1/projects/qwiklabs-gcp-00-bf0ba7f2f474/global/networks/default",
            "priority": 1000,
            "project": "qwiklabs-gcp-00-bf0ba7f2f474",
            "self_link": "https://www.googleapis.com/compute/v1/projects/qwiklabs-gcp-00-bf0ba7f2f474/global/firewalls/permit-tcp-rule-151",
            "source_ranges": [
              "0.0.0.0/0"
            ],
            "source_service_accounts": null,
            "source_tags": null,
            "target_service_accounts": null,
            "target_tags": null,
            "timeouts": null
          },
          "sensitive_attributes": [],
          "private": "eyJlMmJmYjczMC1lY2FhLTExZTYtOGY4OC0zNDM2M2JjN2M0YzAiOnsiY3JlYXRlIjoxMjAwMDAwMDAwMDAwLCJkZWxldGUiOjEyMDAwMDAwMDAwMDAsInVwZGF0ZSI6MTIwMDAwMDAwMDAwMH0sInNjaGVtYV92ZXJzaW9uIjoiMSJ9"
        }
      ]
    },
    {
      "mode": "managed",
      "type": "google_compute_health_check",
      "name": "webserver",
      "provider": "provider[\"registry.terraform.io/hashicorp/google\"]",
      "instances": [
        {
          "schema_version": 0,
          "attributes": {
            "check_interval_sec": 5,
            "creation_timestamp": "2024-05-14T13:30:35.098-07:00",
            "description": "",
            "grpc_health_check": [],
            "healthy_threshold": 2,
            "http2_health_check": [],
            "http_health_check": [
              {
                "host": "",
                "port": 80,
                "port_name": "",
                "port_specification": "",
                "proxy_header": "NONE",
                "request_path": "/",
                "response": ""
              }
            ],
            "https_health_check": [],
            "id": "projects/qwiklabs-gcp-00-bf0ba7f2f474/global/healthChecks/nucleus-webserver",
            "log_config": [
              {
                "enable": false
              }
            ],
            "name": "nucleus-webserver",
            "project": "qwiklabs-gcp-00-bf0ba7f2f474",
            "self_link": "https://www.googleapis.com/compute/v1/projects/qwiklabs-gcp-00-bf0ba7f2f474/global/healthChecks/nucleus-webserver",
            "ssl_health_check": [],
            "tcp_health_check": [],
            "timeout_sec": 5,
            "timeouts": null,
            "type": "HTTP",
            "unhealthy_threshold": 2
          },
          "sensitive_attributes": [],
          "private": "eyJlMmJmYjczMC1lY2FhLTExZTYtOGY4OC0zNDM2M2JjN2M0YzAiOnsiY3JlYXRlIjoxMjAwMDAwMDAwMDAwLCJkZWxldGUiOjEyMDAwMDAwMDAwMDAsInVwZGF0ZSI6MTIwMDAwMDAwMDAwMH19"
        }
      ]
    },
    {
      "mode": "managed",
      "type": "google_compute_instance",
      "name": "jumphost",
      "provider": "provider[\"registry.terraform.io/hashicorp/google\"]",
      "instances": [
        {
          "schema_version": 6,
          "attributes": {
            "advanced_machine_features": [],
            "allow_stopping_for_update": null,
            "attached_disk": [],
            "boot_disk": [
              {
                "auto_delete": true,
                "device_name": "persistent-disk-0",
                "disk_encryption_key_raw": "",
                "disk_encryption_key_sha256": "",
                "initialize_params": [
                  {
                    "enable_confidential_compute": false,
                    "image": "https://www.googleapis.com/compute/v1/projects/debian-cloud/global/images/debian-11-bullseye-v20240415",
                    "labels": {},
                    "provisioned_iops": 0,
                    "provisioned_throughput": 0,
                    "resource_manager_tags": null,
                    "size": 10,
                    "type": "pd-standard"
                  }
                ],
                "kms_key_self_link": "",
                "mode": "READ_WRITE",
                "source": "https://www.googleapis.com/compute/v1/projects/qwiklabs-gcp-00-bf0ba7f2f474/zones/europe-west1-c/disks/nucleus-jumphost-758"
              }
            ],
            "can_ip_forward": false,
            "confidential_instance_config": [],
            "cpu_platform": "Intel Broadwell",
            "current_status": "RUNNING",
            "deletion_protection": false,
            "description": "",
            "desired_status": null,
            "effective_labels": {},
            "enable_display": false,
            "guest_accelerator": [],
            "hostname": "",
            "id": "projects/qwiklabs-gcp-00-bf0ba7f2f474/zones/europe-west1-c/instances/nucleus-jumphost-758",
            "instance_id": "623683207861008132",
            "label_fingerprint": "42WmSpB8rSM=",
            "labels": null,
            "machine_type": "e2-micro",
            "metadata": null,
            "metadata_fingerprint": "1lo7D_7bk1c=",
            "metadata_startup_script": null,
            "min_cpu_platform": "",
            "name": "nucleus-jumphost-758",
            "network_interface": [
              {
                "access_config": [
                  {
                    "nat_ip": "34.140.47.16",
                    "network_tier": "PREMIUM",
                    "public_ptr_domain_name": ""
                  }
                ],
                "alias_ip_range": [],
                "internal_ipv6_prefix_length": 0,
                "ipv6_access_config": [],
                "ipv6_access_type": "",
                "ipv6_address": "",
                "name": "nic0",
                "network": "https://www.googleapis.com/compute/v1/projects/qwiklabs-gcp-00-bf0ba7f2f474/global/networks/default",
                "network_ip": "10.132.0.2",
                "nic_type": "",
                "queue_count": 0,
                "stack_type": "IPV4_ONLY",
                "subnetwork": "https://www.googleapis.com/compute/v1/projects/qwiklabs-gcp-00-bf0ba7f2f474/regions/europe-west1/subnetworks/default",
                "subnetwork_project": "qwiklabs-gcp-00-bf0ba7f2f474"
              }
            ],
            "network_performance_config": [],
            "params": [],
            "project": "qwiklabs-gcp-00-bf0ba7f2f474",
            "reservation_affinity": [],
            "resource_policies": null,
            "scheduling": [
              {
                "automatic_restart": true,
                "instance_termination_action": "",
                "local_ssd_recovery_timeout": [],
                "min_node_cpus": 0,
                "node_affinities": [],
                "on_host_maintenance": "MIGRATE",
                "preemptible": false,
                "provisioning_model": "STANDARD"
              }
            ],
            "scratch_disk": [],
            "self_link": "https://www.googleapis.com/compute/v1/projects/qwiklabs-gcp-00-bf0ba7f2f474/zones/europe-west1-c/instances/nucleus-jumphost-758",
            "service_account": [],
            "shielded_instance_config": [
              {
                "enable_integrity_monitoring": true,
                "enable_secure_boot": false,
                "enable_vtpm": true
              }
            ],
            "tags": null,
            "tags_fingerprint": "42WmSpB8rSM=",
            "terraform_labels": {},
            "timeouts": null,
            "zone": "europe-west1-c"
          },
          "sensitive_attributes": [],
          "private": "eyJlMmJmYjczMC1lY2FhLTExZTYtOGY4OC0zNDM2M2JjN2M0YzAiOnsiY3JlYXRlIjoxMjAwMDAwMDAwMDAwLCJkZWxldGUiOjEyMDAwMDAwMDAwMDAsInVwZGF0ZSI6MTIwMDAwMDAwMDAwMH0sInNjaGVtYV92ZXJzaW9uIjoiNiJ9"
        }
      ]
    },
    {
      "mode": "managed",
      "type": "google_compute_instance_group_manager",
      "name": "webserver",
      "provider": "provider[\"registry.terraform.io/hashicorp/google\"]",
      "instances": [
        {
          "schema_version": 0,
          "attributes": {
            "all_instances_config": [],
            "auto_healing_policies": [
              {
                "health_check": "https://www.googleapis.com/compute/v1/projects/qwiklabs-gcp-00-bf0ba7f2f474/global/healthChecks/nucleus-webserver",
                "initial_delay_sec": 60
              }
            ],
            "base_instance_name": "nucleus-webserver",
            "creation_timestamp": "2024-05-14T13:30:49.637-07:00",
            "description": "",
            "fingerprint": "cvzBOkCOEC0=",
            "id": "projects/qwiklabs-gcp-00-bf0ba7f2f474/zones/europe-west1-c/instanceGroupManagers/nucleus-webserver",
            "instance_group": "https://www.googleapis.com/compute/v1/projects/qwiklabs-gcp-00-bf0ba7f2f474/zones/europe-west1-c/instanceGroups/nucleus-webserver",
            "instance_lifecycle_policy": [
              {
                "default_action_on_failure": "REPAIR",
                "force_update_on_repair": "NO"
              }
            ],
            "list_managed_instances_results": "PAGELESS",
            "name": "nucleus-webserver",
            "named_port": [
              {
                "name": "http",
                "port": 80
              }
            ],
            "operation": null,
            "project": "qwiklabs-gcp-00-bf0ba7f2f474",
            "self_link": "https://www.googleapis.com/compute/v1/projects/qwiklabs-gcp-00-bf0ba7f2f474/zones/europe-west1-c/instanceGroupManagers/nucleus-webserver",
            "stateful_disk": [],
            "stateful_external_ip": [],
            "stateful_internal_ip": [],
            "status": [
              {
                "all_instances_config": [
                  {
                    "current_revision": "",
                    "effective": true
                  }
                ],
                "is_stable": false,
                "stateful": [
                  {
                    "has_stateful_config": false,
                    "per_instance_configs": [
                      {
                        "all_effective": true
                      }
                    ]
                  }
                ],
                "version_target": [
                  {
                    "is_reached": true
                  }
                ]
              }
            ],
            "target_pools": null,
            "target_size": 2,
            "timeouts": null,
            "update_policy": [
              {
                "max_surge_fixed": 1,
                "max_surge_percent": 0,
                "max_unavailable_fixed": 1,
                "max_unavailable_percent": 0,
                "minimal_action": "REPLACE",
                "most_disruptive_allowed_action": "",
                "replacement_method": "SUBSTITUTE",
                "type": "OPPORTUNISTIC"
              }
            ],
            "version": [
              {
                "instance_template": "https://www.googleapis.com/compute/v1/projects/qwiklabs-gcp-00-bf0ba7f2f474/global/instanceTemplates/nucleus-webserver-20240514203035029100000001",
                "name": "",
                "target_size": []
              }
            ],
            "wait_for_instances": false,
            "wait_for_instances_status": "STABLE",
            "zone": "europe-west1-c"
          },
          "sensitive_attributes": [],
          "private": "eyJlMmJmYjczMC1lY2FhLTExZTYtOGY4OC0zNDM2M2JjN2M0YzAiOnsiY3JlYXRlIjo5MDAwMDAwMDAwMDAsImRlbGV0ZSI6OTAwMDAwMDAwMDAwLCJ1cGRhdGUiOjkwMDAwMDAwMDAwMH19",
          "dependencies": [
            "google_compute_health_check.webserver",
            "google_compute_instance_template.webserver"
          ]
        }
      ]
    },
    {
      "mode": "managed",
      "type": "google_compute_instance_template",
      "name": "webserver",
      "provider": "provider[\"registry.terraform.io/hashicorp/google\"]",
      "instances": [
        {
          "schema_version": 1,
          "attributes": {
            "advanced_machine_features": [],
            "can_ip_forward": false,
            "confidential_instance_config": null,
            "description": "NGinx Server Pool",
            "disk": [
              {
                "auto_delete": true,
                "boot": true,
                "device_name": "persistent-disk-0",
                "disk_encryption_key": [],
                "disk_name": "",
                "disk_size_gb": 0,
                "disk_type": "pd-standard",
                "interface": "SCSI",
                "labels": null,
                "mode": "READ_WRITE",
                "provisioned_iops": 0,
                "resource_manager_tags": null,
                "resource_policies": null,
                "source": "",
                "source_image": "projects/debian-cloud/global/images/family/debian-11",
                "source_image_encryption_key": [],
                "source_snapshot": "",
                "source_snapshot_encryption_key": [],
                "type": "PERSISTENT"
              }
            ],
            "effective_labels": {},
            "guest_accelerator": [],
            "id": "projects/qwiklabs-gcp-00-bf0ba7f2f474/global/instanceTemplates/nucleus-webserver-20240514203035029100000001",
            "instance_description": "",
            "labels": null,
            "machine_type": "e2-medium",
            "metadata": null,
            "metadata_fingerprint": "8DKzw7rrbbQ=",
            "metadata_startup_script": "#! /bin/bash\napt-get update\napt-get install -y nginx\nservice nginx start\nsed -i -- 's/nginx/Google Cloud Platform - '\"$HOSTNAME\"'/' /var/www/html/index.nginx-debian.html\n",
            "min_cpu_platform": "",
            "name": "nucleus-webserver-20240514203035029100000001",
            "name_prefix": "nucleus-webserver-",
            "network_interface": [
              {
                "access_config": [
                  {
                    "nat_ip": "",
                    "network_tier": "PREMIUM",
                    "public_ptr_domain_name": ""
                  }
                ],
                "alias_ip_range": [],
                "internal_ipv6_prefix_length": 0,
                "ipv6_access_config": [],
                "ipv6_access_type": "",
                "ipv6_address": "",
                "name": "nic0",
                "network": "https://www.googleapis.com/compute/v1/projects/qwiklabs-gcp-00-bf0ba7f2f474/global/networks/default",
                "network_ip": "",
                "nic_type": "",
                "queue_count": 0,
                "stack_type": "",
                "subnetwork": "https://www.googleapis.com/compute/v1/projects/qwiklabs-gcp-00-bf0ba7f2f474/regions/europe-west1/subnetworks/default",
                "subnetwork_project": "qwiklabs-gcp-00-bf0ba7f2f474"
              }
            ],
            "network_performance_config": [],
            "project": "qwiklabs-gcp-00-bf0ba7f2f474",
            "region": "europe-west1",
            "reservation_affinity": [],
            "resource_manager_tags": null,
            "resource_policies": null,
            "scheduling": [
              {
                "automatic_restart": true,
                "instance_termination_action": "",
                "local_ssd_recovery_timeout": [],
                "min_node_cpus": 0,
                "node_affinities": [],
                "on_host_maintenance": "MIGRATE",
                "preemptible": false,
                "provisioning_model": "STANDARD"
              }
            ],
            "self_link": "https://www.googleapis.com/compute/v1/projects/qwiklabs-gcp-00-bf0ba7f2f474/global/instanceTemplates/nucleus-webserver-20240514203035029100000001",
            "self_link_unique": "https://www.googleapis.com/compute/v1/projects/qwiklabs-gcp-00-bf0ba7f2f474/global/instanceTemplates/nucleus-webserver-20240514203035029100000001?uniqueId=8712983913484416772",
            "service_account": [],
            "shielded_instance_config": [],
            "tags": null,
            "tags_fingerprint": "",
            "terraform_labels": {},
            "timeouts": null
          },
          "sensitive_attributes": [],
          "private": "eyJlMmJmYjczMC1lY2FhLTExZTYtOGY4OC0zNDM2M2JjN2M0YzAiOnsiY3JlYXRlIjoyNDAwMDAwMDAwMDAsImRlbGV0ZSI6MjQwMDAwMDAwMDAwfSwic2NoZW1hX3ZlcnNpb24iOiIxIn0=",
          "create_before_destroy": true
        }
      ]
    },
    {
      "mode": "managed",
      "type": "google_compute_target_http_proxy",
      "name": "webserver",
      "provider": "provider[\"registry.terraform.io/hashicorp/google\"]",
      "instances": [
        {
          "schema_version": 0,
          "attributes": {
            "creation_timestamp": "2024-05-14T13:32:16.962-07:00",
            "description": "",
            "http_keep_alive_timeout_sec": 0,
            "id": "projects/qwiklabs-gcp-00-bf0ba7f2f474/global/targetHttpProxies/nucleus-webserver",
            "name": "nucleus-webserver",
            "project": "qwiklabs-gcp-00-bf0ba7f2f474",
            "proxy_bind": false,
            "proxy_id": 8927992798115689663,
            "self_link": "https://www.googleapis.com/compute/v1/projects/qwiklabs-gcp-00-bf0ba7f2f474/global/targetHttpProxies/nucleus-webserver",
            "timeouts": null,
            "url_map": "https://www.googleapis.com/compute/v1/projects/qwiklabs-gcp-00-bf0ba7f2f474/global/urlMaps/nucleus-webserver"
          },
          "sensitive_attributes": [],
          "private": "eyJlMmJmYjczMC1lY2FhLTExZTYtOGY4OC0zNDM2M2JjN2M0YzAiOnsiY3JlYXRlIjoxMjAwMDAwMDAwMDAwLCJkZWxldGUiOjEyMDAwMDAwMDAwMDAsInVwZGF0ZSI6MTIwMDAwMDAwMDAwMH19",
          "dependencies": [
            "google_compute_backend_service.webserver",
            "google_compute_health_check.webserver",
            "google_compute_instance_group_manager.webserver",
            "google_compute_instance_template.webserver",
            "google_compute_url_map.webserver"
          ]
        }
      ]
    },
    {
      "mode": "managed",
      "type": "google_compute_url_map",
      "name": "webserver",
      "provider": "provider[\"registry.terraform.io/hashicorp/google\"]",
      "instances": [
        {
          "schema_version": 0,
          "attributes": {
            "creation_timestamp": "2024-05-14T13:32:05.389-07:00",
            "default_route_action": [],
            "default_service": "https://www.googleapis.com/compute/v1/projects/qwiklabs-gcp-00-bf0ba7f2f474/global/backendServices/nucleus-webserver",
            "default_url_redirect": [],
            "description": "",
            "fingerprint": "O_56FUf9oJE=",
            "header_action": [],
            "host_rule": [],
            "id": "projects/qwiklabs-gcp-00-bf0ba7f2f474/global/urlMaps/nucleus-webserver",
            "map_id": 2863704610607887531,
            "name": "nucleus-webserver",
            "path_matcher": [
              {
                "default_route_action": [],
                "default_service": "https://www.googleapis.com/compute/v1/projects/qwiklabs-gcp-00-bf0ba7f2f474/global/backendServices/nucleus-webserver",
                "default_url_redirect": [],
                "description": "",
                "header_action": [],
                "name": "allpaths",
                "path_rule": [],
                "route_rules": []
              }
            ],
            "project": "qwiklabs-gcp-00-bf0ba7f2f474",
            "self_link": "https://www.googleapis.com/compute/v1/projects/qwiklabs-gcp-00-bf0ba7f2f474/global/urlMaps/nucleus-webserver",
            "test": [],
            "timeouts": null
          },
          "sensitive_attributes": [],
          "private": "eyJlMmJmYjczMC1lY2FhLTExZTYtOGY4OC0zNDM2M2JjN2M0YzAiOnsiY3JlYXRlIjoxMjAwMDAwMDAwMDAwLCJkZWxldGUiOjEyMDAwMDAwMDAwMDAsInVwZGF0ZSI6MTIwMDAwMDAwMDAwMH19",
          "dependencies": [
            "google_compute_backend_service.webserver",
            "google_compute_health_check.webserver",
            "google_compute_instance_group_manager.webserver",
            "google_compute_instance_template.webserver"
          ]
        }
      ]
    }
  ],
  "check_results": null
}
