{
  "version": 4,
  "terraform_version": "1.5.7",
  "serial": 38,
  "lineage": "3798f24c-c312-6586-b0e6-20ada3f77554",
  "outputs": {},
  "resources": [
    {
      "mode": "managed",
      "type": "google_compute_firewall",
      "name": "console_ssh",
      "provider": "provider[\"registry.terraform.io/hashicorp/google\"]",
      "instances": [
        {
          "schema_version": 1,
          "attributes": {
            "allow": [
              {
                "ports": [
                  "22"
                ],
                "protocol": "tcp"
              }
            ],
            "creation_timestamp": "2024-05-14T10:23:28.135-07:00",
            "deny": [],
            "description": "Allow console.cloud.google.com incoming SSH",
            "destination_ranges": [],
            "direction": "INGRESS",
            "disabled": false,
            "enable_logging": null,
            "id": "projects/prj-s-tmacdonald-sbx57-1992/global/firewalls/console-ssh",
            "log_config": [],
            "name": "console-ssh",
            "network": "https://www.googleapis.com/compute/v1/projects/prj-s-tmacdonald-sbx57-1992/global/networks/base",
            "priority": 1000,
            "project": "prj-s-tmacdonald-sbx57-1992",
            "self_link": "https://www.googleapis.com/compute/v1/projects/prj-s-tmacdonald-sbx57-1992/global/firewalls/console-ssh",
            "source_ranges": [
              "35.235.240.0/20"
            ],
            "source_service_accounts": [],
            "source_tags": [],
            "target_service_accounts": [],
            "target_tags": [],
            "timeouts": null
          },
          "sensitive_attributes": [],
          "private": "eyJlMmJmYjczMC1lY2FhLTExZTYtOGY4OC0zNDM2M2JjN2M0YzAiOnsiY3JlYXRlIjoxMjAwMDAwMDAwMDAwLCJkZWxldGUiOjEyMDAwMDAwMDAwMDAsInVwZGF0ZSI6MTIwMDAwMDAwMDAwMH0sInNjaGVtYV92ZXJzaW9uIjoiMSJ9",
          "dependencies": [
            "google_compute_network.vpc_network"
          ]
        }
      ]
    },
    {
      "mode": "managed",
      "type": "google_compute_network",
      "name": "vpc_network",
      "provider": "provider[\"registry.terraform.io/hashicorp/google\"]",
      "instances": [
        {
          "schema_version": 0,
          "attributes": {
            "auto_create_subnetworks": false,
            "delete_default_routes_on_create": false,
            "description": "",
            "enable_ula_internal_ipv6": false,
            "gateway_ipv4": "",
            "id": "projects/prj-s-tmacdonald-sbx57-1992/global/networks/base",
            "internal_ipv6_range": "",
            "mtu": 0,
            "name": "base",
            "network_firewall_policy_enforcement_order": "AFTER_CLASSIC_FIREWALL",
            "numeric_id": "868524295380155171",
            "project": "prj-s-tmacdonald-sbx57-1992",
            "routing_mode": "GLOBAL",
            "self_link": "https://www.googleapis.com/compute/v1/projects/prj-s-tmacdonald-sbx57-1992/global/networks/base",
            "timeouts": null
          },
          "sensitive_attributes": [],
          "private": "eyJlMmJmYjczMC1lY2FhLTExZTYtOGY4OC0zNDM2M2JjN2M0YzAiOnsiY3JlYXRlIjoxMjAwMDAwMDAwMDAwLCJkZWxldGUiOjEyMDAwMDAwMDAwMDAsInVwZGF0ZSI6MTIwMDAwMDAwMDAwMH19"
        }
      ]
    },
    {
      "mode": "managed",
      "type": "google_compute_subnetwork",
      "name": "proxy",
      "provider": "provider[\"registry.terraform.io/hashicorp/google\"]",
      "instances": [
        {
          "schema_version": 0,
          "attributes": {
            "creation_timestamp": "2024-05-14T08:40:18.915-07:00",
            "description": "",
            "external_ipv6_prefix": "",
            "fingerprint": null,
            "gateway_address": "10.129.0.1",
            "id": "projects/prj-s-tmacdonald-sbx57-1992/regions/northamerica-northeast2/subnetworks/website-net-proxy",
            "internal_ipv6_prefix": "",
            "ip_cidr_range": "10.129.0.0/26",
            "ipv6_access_type": "",
            "ipv6_cidr_range": "",
            "log_config": [],
            "name": "website-net-proxy",
            "network": "https://www.googleapis.com/compute/v1/projects/prj-s-tmacdonald-sbx57-1992/global/networks/base",
            "private_ip_google_access": true,
            "private_ipv6_google_access": "DISABLE_GOOGLE_ACCESS",
            "project": "prj-s-tmacdonald-sbx57-1992",
            "purpose": "REGIONAL_MANAGED_PROXY",
            "region": "northamerica-northeast2",
            "reserved_internal_range": "",
            "role": "ACTIVE",
            "secondary_ip_range": [],
            "self_link": "https://www.googleapis.com/compute/v1/projects/prj-s-tmacdonald-sbx57-1992/regions/northamerica-northeast2/subnetworks/website-net-proxy",
            "stack_type": "",
            "timeouts": null
          },
          "sensitive_attributes": [],
          "private": "eyJlMmJmYjczMC1lY2FhLTExZTYtOGY4OC0zNDM2M2JjN2M0YzAiOnsiY3JlYXRlIjoxMjAwMDAwMDAwMDAwLCJkZWxldGUiOjEyMDAwMDAwMDAwMDAsInVwZGF0ZSI6MTIwMDAwMDAwMDAwMH19",
          "dependencies": [
            "google_compute_network.vpc_network"
          ]
        }
      ]
    },
    {
      "mode": "managed",
      "type": "google_compute_subnetwork",
      "name": "region",
      "provider": "provider[\"registry.terraform.io/hashicorp/google\"]",
      "instances": [
        {
          "schema_version": 0,
          "attributes": {
            "creation_timestamp": "2024-05-14T08:40:19.118-07:00",
            "description": "",
            "external_ipv6_prefix": "",
            "fingerprint": null,
            "gateway_address": "10.128.0.1",
            "id": "projects/prj-s-tmacdonald-sbx57-1992/regions/northamerica-northeast2/subnetworks/northamerica-northeast2",
            "internal_ipv6_prefix": "",
            "ip_cidr_range": "10.128.0.0/26",
            "ipv6_access_type": "",
            "ipv6_cidr_range": "",
            "log_config": [],
            "name": "northamerica-northeast2",
            "network": "https://www.googleapis.com/compute/v1/projects/prj-s-tmacdonald-sbx57-1992/global/networks/base",
            "private_ip_google_access": true,
            "private_ipv6_google_access": "DISABLE_GOOGLE_ACCESS",
            "project": "prj-s-tmacdonald-sbx57-1992",
            "purpose": "PRIVATE",
            "region": "northamerica-northeast2",
            "reserved_internal_range": "",
            "role": "",
            "secondary_ip_range": [],
            "self_link": "https://www.googleapis.com/compute/v1/projects/prj-s-tmacdonald-sbx57-1992/regions/northamerica-northeast2/subnetworks/northamerica-northeast2",
            "stack_type": "IPV4_ONLY",
            "timeouts": null
          },
          "sensitive_attributes": [],
          "private": "eyJlMmJmYjczMC1lY2FhLTExZTYtOGY4OC0zNDM2M2JjN2M0YzAiOnsiY3JlYXRlIjoxMjAwMDAwMDAwMDAwLCJkZWxldGUiOjEyMDAwMDAwMDAwMDAsInVwZGF0ZSI6MTIwMDAwMDAwMDAwMH19",
          "dependencies": [
            "google_compute_network.vpc_network"
          ]
        }
      ]
    },
    {
      "mode": "managed",
      "type": "google_storage_bucket",
      "name": "terraform",
      "provider": "provider[\"registry.terraform.io/hashicorp/google\"]",
      "instances": [
        {
          "schema_version": 1,
          "attributes": {
            "autoclass": [],
            "cors": [],
            "custom_placement_config": [],
            "default_event_based_hold": false,
            "effective_labels": {
              "badal-github-repo": "users-tyler_macdonald",
              "badal-github-repo_path": "base",
              "goog-terraform-provisioned": "true"
            },
            "enable_object_retention": false,
            "encryption": [],
            "force_destroy": false,
            "id": "badal-tmacdonald-terraform",
            "labels": {},
            "lifecycle_rule": [],
            "location": "NORTHAMERICA-NORTHEAST2",
            "logging": [],
            "name": "badal-tmacdonald-terraform",
            "project": "prj-s-tmacdonald-sbx57-1992",
            "project_number": 708972089677,
            "public_access_prevention": "enforced",
            "requester_pays": false,
            "retention_policy": [],
            "rpo": null,
            "self_link": "https://www.googleapis.com/storage/v1/b/badal-tmacdonald-terraform",
            "soft_delete_policy": [
              {
                "effective_time": "2024-05-13T13:42:59.284Z",
                "retention_duration_seconds": 604800
              }
            ],
            "storage_class": "STANDARD",
            "terraform_labels": {
              "badal-github-repo": "users-tyler_macdonald",
              "badal-github-repo_path": "base",
              "goog-terraform-provisioned": "true"
            },
            "timeouts": null,
            "uniform_bucket_level_access": true,
            "url": "gs://badal-tmacdonald-terraform",
            "versioning": [],
            "website": []
          },
          "sensitive_attributes": [],
          "private": "eyJlMmJmYjczMC1lY2FhLTExZTYtOGY4OC0zNDM2M2JjN2M0YzAiOnsiY3JlYXRlIjo2MDAwMDAwMDAwMDAsInJlYWQiOjI0MDAwMDAwMDAwMCwidXBkYXRlIjoyNDAwMDAwMDAwMDB9LCJzY2hlbWFfdmVyc2lvbiI6IjEifQ=="
        }
      ]
    },
    {
      "module": "module.main_nat_gateway",
      "mode": "managed",
      "type": "google_compute_router_nat",
      "name": "compute_nat_router",
      "provider": "provider[\"registry.terraform.io/hashicorp/google\"]",
      "instances": []
    }
  ],
  "check_results": null
}
